
Microsoft Visual Studio Solution File, Format Version 12.00
Project("{FAE04EC0-301F-11D3-BF4B-00C04F79EFBC}") = "dotnetsyncfeedlot", "dotnetsyncfeedlot\dotnetsyncfeedlot.csproj", "{EA1C2397-249D-48E7-B7ED-A4FF73F6D6E4}"
EndProject
Global
	GlobalSection(SolutionConfigurationPlatforms) = preSolution
		Debug|Any CPU = Debug|Any CPU
		Release|Any CPU = Release|Any CPU
	EndGlobalSection
	GlobalSection(ProjectConfigurationPlatforms) = postSolution
		{EA1C2397-249D-48E7-B7ED-A4FF73F6D6E4}.Debug|Any CPU.ActiveCfg = Debug|Any CPU
		{EA1C2397-249D-48E7-B7ED-A4FF73F6D6E4}.Debug|Any CPU.Build.0 = Debug|Any CPU
		{EA1C2397-249D-48E7-B7ED-A4FF73F6D6E4}.Release|Any CPU.ActiveCfg = Release|Any CPU
		{EA1C2397-249D-48E7-B7ED-A4FF73F6D6E4}.Release|Any CPU.Build.0 = Release|Any CPU
	EndGlobalSection
EndGlobal
